{
  "name": "j2asyncapi",
  "version": "1.0.0",
  "lockfileVersion": 2,
  "requires": true,
  "packages": {
    "": {
      "name": "j2asyncapi",
      "version": "1.0.0",
      "hasInstallScript": true,
      "license": "ISC",
      "dependencies": {
        "@asyncapi/specs": "2.13.1"
      }
    },
    "node_modules/@asyncapi/specs": {
      "version": "2.13.1",
      "resolved": "https://registry.npmjs.org/@asyncapi/specs/-/specs-2.13.1.tgz",
      "integrity": "sha512-Hl44ml5/yDtBnOlk0A7RWl+Xy8JcWRni/2QVT1tkmQmwg6ylW+nfIXn2Zzi9Hww+oCkgyrqMXe45rlcJVhKlDQ=="
    }
  },
  "dependencies": {
    "@asyncapi/specs": {
      "version": "2.13.1",
      "resolved": "https://registry.npmjs.org/@asyncapi/specs/-/specs-2.13.1.tgz",
      "integrity": "sha512-Hl44ml5/yDtBnOlk0A7RWl+Xy8JcWRni/2QVT1tkmQmwg6ylW+nfIXn2Zzi9Hww+oCkgyrqMXe45rlcJVhKlDQ=="
    }
  }
}
